
Microsoft Visual Studio Solution File, Format Version 12.00
# Visual Studio Version 16
VisualStudioVersion = 16.0.30804.86
MinimumVisualStudioVersion = 10.0.40219.1
Project("{FAE04EC0-301F-11D3-BF4B-00C04F79EFBC}") = "MotorcyclePartManagerWebApi", "MotorcyclePartManagerWebApi\MotorcyclePartManagerWebApi.csproj", "{6B3C9F86-645C-4F82-8269-5CA0F1814891}"
EndProject
Global
	GlobalSection(SolutionConfigurationPlatforms) = preSolution
		Debug|Any CPU = Debug|Any CPU
		Release|Any CPU = Release|Any CPU
	EndGlobalSection
	GlobalSection(ProjectConfigurationPlatforms) = postSolution
		{6B3C9F86-645C-4F82-8269-5CA0F1814891}.Debug|Any CPU.ActiveCfg = Debug|Any CPU
		{6B3C9F86-645C-4F82-8269-5CA0F1814891}.Debug|Any CPU.Build.0 = Debug|Any CPU
		{6B3C9F86-645C-4F82-8269-5CA0F1814891}.Release|Any CPU.ActiveCfg = Release|Any CPU
		{6B3C9F86-645C-4F82-8269-5CA0F1814891}.Release|Any CPU.Build.0 = Release|Any CPU
	EndGlobalSection
	GlobalSection(SolutionProperties) = preSolution
		HideSolutionNode = FALSE
	EndGlobalSection
	GlobalSection(ExtensibilityGlobals) = postSolution
		SolutionGuid = {343BA9E5-C8BB-49DA-85E7-C9B6A187DDC1}
	EndGlobalSection
EndGlobal
